
Microsoft Visual Studio Solution File, Format Version 12.00
# Visual Studio Version 17
VisualStudioVersion = 17.0.31903.59
MinimumVisualStudioVersion = 10.0.40219.1
Project("{2150E333-8FDC-42A3-9474-1A3956D46DE8}") = "src", "src", "{827E0CD3-B72D-47B6-A68D-7590B98EB39B}"
EndProject
Project("{FAE04EC0-301F-11D3-BF4B-00C04F79EFBC}") = "HotFixAmbulance.Analysis", "src\HotFixAmbulance.Analysis\HotFixAmbulance.Analysis.csproj", "{843A76C0-867E-4D43-A4A3-757EF57B7A2B}"
EndProject
Project("{FAE04EC0-301F-11D3-BF4B-00C04F79EFBC}") = "HotFixAmbulance.Api", "src\HotFixAmbulance.Api\HotFixAmbulance.Api.csproj", "{50838DFB-C707-4786-91F4-C651223208BF}"
EndProject
Project("{FAE04EC0-301F-11D3-BF4B-00C04F79EFBC}") = "HotFixAmbulance.Cli", "src\HotFixAmbulance.Cli\HotFixAmbulance.Cli.csproj", "{B56760E2-FCCE-47CA-B097-56B329550437}"
EndProject
Project("{FAE04EC0-301F-11D3-BF4B-00C04F79EFBC}") = "HotFixAmbulance.Core", "src\HotFixAmbulance.Core\HotFixAmbulance.Core.csproj", "{26977CC9-2F87-4A3B-81FD-85F563C51904}"
EndProject
Project("{FAE04EC0-301F-11D3-BF4B-00C04F79EFBC}") = "HotFixAmbulance.Elastic", "src\HotFixAmbulance.Elastic\HotFixAmbulance.Elastic.csproj", "{AFBC17C3-B69F-4B00-BC60-C178D195C318}"
EndProject
Project("{FAE04EC0-301F-11D3-BF4B-00C04F79EFBC}") = "HotFixAmbulance.GitInsights", "src\HotFixAmbulance.GitInsights\HotFixAmbulance.GitInsights.csproj", "{E1233C25-7BE3-429E-8AC2-9C52A208EEAA}"
EndProject
Project("{FAE04EC0-301F-11D3-BF4B-00C04F79EFBC}") = "HotFixAmbulance.Persistence", "src\HotFixAmbulance.Persistence\HotFixAmbulance.Persistence.csproj", "{E6D0FB10-09AF-4C75-90A5-939473885C19}"
EndProject
Project("{2150E333-8FDC-42A3-9474-1A3956D46DE8}") = "tests", "tests", "{0AB3BF05-4346-4AA6-1389-037BE0695223}"
EndProject
Project("{FAE04EC0-301F-11D3-BF4B-00C04F79EFBC}") = "HotFixAmbulance.IntegrationTests", "tests\HotFixAmbulance.IntegrationTests\HotFixAmbulance.IntegrationTests.csproj", "{7B76DEE2-C061-4832-8023-8EFB67E73FF5}"
EndProject
Project("{FAE04EC0-301F-11D3-BF4B-00C04F79EFBC}") = "HotFixAmbulance.UnitTests", "tests\HotFixAmbulance.UnitTests\HotFixAmbulance.UnitTests.csproj", "{0CF1FA4D-FC65-4F5D-B0BA-EF41D73AF0BF}"
EndProject
Project("{FAE04EC0-301F-11D3-BF4B-00C04F79EFBC}") = "HotFixAmbulance.Llm", "src\HotFixAmbulance.Llm\HotFixAmbulance.Llm.csproj", "{ABDA6FC8-2861-49A0-9685-E76C156138F3}"
EndProject
Global
	GlobalSection(SolutionConfigurationPlatforms) = preSolution
		Debug|Any CPU = Debug|Any CPU
		Debug|x64 = Debug|x64
		Debug|x86 = Debug|x86
		Release|Any CPU = Release|Any CPU
		Release|x64 = Release|x64
		Release|x86 = Release|x86
	EndGlobalSection
	GlobalSection(ProjectConfigurationPlatforms) = postSolution
		{843A76C0-867E-4D43-A4A3-757EF57B7A2B}.Debug|Any CPU.ActiveCfg = Debug|Any CPU
		{843A76C0-867E-4D43-A4A3-757EF57B7A2B}.Debug|Any CPU.Build.0 = Debug|Any CPU
		{843A76C0-867E-4D43-A4A3-757EF57B7A2B}.Debug|x64.ActiveCfg = Debug|Any CPU
		{843A76C0-867E-4D43-A4A3-757EF57B7A2B}.Debug|x64.Build.0 = Debug|Any CPU
		{843A76C0-867E-4D43-A4A3-757EF57B7A2B}.Debug|x86.ActiveCfg = Debug|Any CPU
		{843A76C0-867E-4D43-A4A3-757EF57B7A2B}.Debug|x86.Build.0 = Debug|Any CPU
		{843A76C0-867E-4D43-A4A3-757EF57B7A2B}.Release|Any CPU.ActiveCfg = Release|Any CPU
		{843A76C0-867E-4D43-A4A3-757EF57B7A2B}.Release|Any CPU.Build.0 = Release|Any CPU
		{843A76C0-867E-4D43-A4A3-757EF57B7A2B}.Release|x64.ActiveCfg = Release|Any CPU
		{843A76C0-867E-4D43-A4A3-757EF57B7A2B}.Release|x64.Build.0 = Release|Any CPU
		{843A76C0-867E-4D43-A4A3-757EF57B7A2B}.Release|x86.ActiveCfg = Release|Any CPU
		{843A76C0-867E-4D43-A4A3-757EF57B7A2B}.Release|x86.Build.0 = Release|Any CPU
		{50838DFB-C707-4786-91F4-C651223208BF}.Debug|Any CPU.ActiveCfg = Debug|Any CPU
		{50838DFB-C707-4786-91F4-C651223208BF}.Debug|Any CPU.Build.0 = Debug|Any CPU
		{50838DFB-C707-4786-91F4-C651223208BF}.Debug|x64.ActiveCfg = Debug|Any CPU
		{50838DFB-C707-4786-91F4-C651223208BF}.Debug|x64.Build.0 = Debug|Any CPU
		{50838DFB-C707-4786-91F4-C651223208BF}.Debug|x86.ActiveCfg = Debug|Any CPU
		{50838DFB-C707-4786-91F4-C651223208BF}.Debug|x86.Build.0 = Debug|Any CPU
		{50838DFB-C707-4786-91F4-C651223208BF}.Release|Any CPU.ActiveCfg = Release|Any CPU
		{50838DFB-C707-4786-91F4-C651223208BF}.Release|Any CPU.Build.0 = Release|Any CPU
		{50838DFB-C707-4786-91F4-C651223208BF}.Release|x64.ActiveCfg = Release|Any CPU
		{50838DFB-C707-4786-91F4-C651223208BF}.Release|x64.Build.0 = Release|Any CPU
		{50838DFB-C707-4786-91F4-C651223208BF}.Release|x86.ActiveCfg = Release|Any CPU
		{50838DFB-C707-4786-91F4-C651223208BF}.Release|x86.Build.0 = Release|Any CPU
		{B56760E2-FCCE-47CA-B097-56B329550437}.Debug|Any CPU.ActiveCfg = Debug|Any CPU
		{B56760E2-FCCE-47CA-B097-56B329550437}.Debug|Any CPU.Build.0 = Debug|Any CPU
		{B56760E2-FCCE-47CA-B097-56B329550437}.Debug|x64.ActiveCfg = Debug|Any CPU
		{B56760E2-FCCE-47CA-B097-56B329550437}.Debug|x64.Build.0 = Debug|Any CPU
		{B56760E2-FCCE-47CA-B097-56B329550437}.Debug|x86.ActiveCfg = Debug|Any CPU
		{B56760E2-FCCE-47CA-B097-56B329550437}.Debug|x86.Build.0 = Debug|Any CPU
		{B56760E2-FCCE-47CA-B097-56B329550437}.Release|Any CPU.ActiveCfg = Release|Any CPU
		{B56760E2-FCCE-47CA-B097-56B329550437}.Release|Any CPU.Build.0 = Release|Any CPU
		{B56760E2-FCCE-47CA-B097-56B329550437}.Release|x64.ActiveCfg = Release|Any CPU
		{B56760E2-FCCE-47CA-B097-56B329550437}.Release|x64.Build.0 = Release|Any CPU
		{B56760E2-FCCE-47CA-B097-56B329550437}.Release|x86.ActiveCfg = Release|Any CPU
		{B56760E2-FCCE-47CA-B097-56B329550437}.Release|x86.Build.0 = Release|Any CPU
		{26977CC9-2F87-4A3B-81FD-85F563C51904}.Debug|Any CPU.ActiveCfg = Debug|Any CPU
		{26977CC9-2F87-4A3B-81FD-85F563C51904}.Debug|Any CPU.Build.0 = Debug|Any CPU
		{26977CC9-2F87-4A3B-81FD-85F563C51904}.Debug|x64.ActiveCfg = Debug|Any CPU
		{26977CC9-2F87-4A3B-81FD-85F563C51904}.Debug|x64.Build.0 = Debug|Any CPU
		{26977CC9-2F87-4A3B-81FD-85F563C51904}.Debug|x86.ActiveCfg = Debug|Any CPU
		{26977CC9-2F87-4A3B-81FD-85F563C51904}.Debug|x86.Build.0 = Debug|Any CPU
		{26977CC9-2F87-4A3B-81FD-85F563C51904}.Release|Any CPU.ActiveCfg = Release|Any CPU
		{26977CC9-2F87-4A3B-81FD-85F563C51904}.Release|Any CPU.Build.0 = Release|Any CPU
		{26977CC9-2F87-4A3B-81FD-85F563C51904}.Release|x64.ActiveCfg = Release|Any CPU
		{26977CC9-2F87-4A3B-81FD-85F563C51904}.Release|x64.Build.0 = Release|Any CPU
		{26977CC9-2F87-4A3B-81FD-85F563C51904}.Release|x86.ActiveCfg = Release|Any CPU
		{26977CC9-2F87-4A3B-81FD-85F563C51904}.Release|x86.Build.0 = Release|Any CPU
		{AFBC17C3-B69F-4B00-BC60-C178D195C318}.Debug|Any CPU.ActiveCfg = Debug|Any CPU
		{AFBC17C3-B69F-4B00-BC60-C178D195C318}.Debug|Any CPU.Build.0 = Debug|Any CPU
		{AFBC17C3-B69F-4B00-BC60-C178D195C318}.Debug|x64.ActiveCfg = Debug|Any CPU
		{AFBC17C3-B69F-4B00-BC60-C178D195C318}.Debug|x64.Build.0 = Debug|Any CPU
		{AFBC17C3-B69F-4B00-BC60-C178D195C318}.Debug|x86.ActiveCfg = Debug|Any CPU
		{AFBC17C3-B69F-4B00-BC60-C178D195C318}.Debug|x86.Build.0 = Debug|Any CPU
		{AFBC17C3-B69F-4B00-BC60-C178D195C318}.Release|Any CPU.ActiveCfg = Release|Any CPU
		{AFBC17C3-B69F-4B00-BC60-C178D195C318}.Release|Any CPU.Build.0 = Release|Any CPU
		{AFBC17C3-B69F-4B00-BC60-C178D195C318}.Release|x64.ActiveCfg = Release|Any CPU
		{AFBC17C3-B69F-4B00-BC60-C178D195C318}.Release|x64.Build.0 = Release|Any CPU
		{AFBC17C3-B69F-4B00-BC60-C178D195C318}.Release|x86.ActiveCfg = Release|Any CPU
		{AFBC17C3-B69F-4B00-BC60-C178D195C318}.Release|x86.Build.0 = Release|Any CPU
		{E1233C25-7BE3-429E-8AC2-9C52A208EEAA}.Debug|Any CPU.ActiveCfg = Debug|Any CPU
		{E1233C25-7BE3-429E-8AC2-9C52A208EEAA}.Debug|Any CPU.Build.0 = Debug|Any CPU
		{E1233C25-7BE3-429E-8AC2-9C52A208EEAA}.Debug|x64.ActiveCfg = Debug|Any CPU
		{E1233C25-7BE3-429E-8AC2-9C52A208EEAA}.Debug|x64.Build.0 = Debug|Any CPU
		{E1233C25-7BE3-429E-8AC2-9C52A208EEAA}.Debug|x86.ActiveCfg = Debug|Any CPU
		{E1233C25-7BE3-429E-8AC2-9C52A208EEAA}.Debug|x86.Build.0 = Debug|Any CPU
		{E1233C25-7BE3-429E-8AC2-9C52A208EEAA}.Release|Any CPU.ActiveCfg = Release|Any CPU
		{E1233C25-7BE3-429E-8AC2-9C52A208EEAA}.Release|Any CPU.Build.0 = Release|Any CPU
		{E1233C25-7BE3-429E-8AC2-9C52A208EEAA}.Release|x64.ActiveCfg = Release|Any CPU
		{E1233C25-7BE3-429E-8AC2-9C52A208EEAA}.Release|x64.Build.0 = Release|Any CPU
		{E1233C25-7BE3-429E-8AC2-9C52A208EEAA}.Release|x86.ActiveCfg = Release|Any CPU
		{E1233C25-7BE3-429E-8AC2-9C52A208EEAA}.Release|x86.Build.0 = Release|Any CPU
		{E6D0FB10-09AF-4C75-90A5-939473885C19}.Debug|Any CPU.ActiveCfg = Debug|Any CPU
		{E6D0FB10-09AF-4C75-90A5-939473885C19}.Debug|Any CPU.Build.0 = Debug|Any CPU
		{E6D0FB10-09AF-4C75-90A5-939473885C19}.Debug|x64.ActiveCfg = Debug|Any CPU
		{E6D0FB10-09AF-4C75-90A5-939473885C19}.Debug|x64.Build.0 = Debug|Any CPU
		{E6D0FB10-09AF-4C75-90A5-939473885C19}.Debug|x86.ActiveCfg = Debug|Any CPU
		{E6D0FB10-09AF-4C75-90A5-939473885C19}.Debug|x86.Build.0 = Debug|Any CPU
		{E6D0FB10-09AF-4C75-90A5-939473885C19}.Release|Any CPU.ActiveCfg = Release|Any CPU
		{E6D0FB10-09AF-4C75-90A5-939473885C19}.Release|Any CPU.Build.0 = Release|Any CPU
		{E6D0FB10-09AF-4C75-90A5-939473885C19}.Release|x64.ActiveCfg = Release|Any CPU
		{E6D0FB10-09AF-4C75-90A5-939473885C19}.Release|x64.Build.0 = Release|Any CPU
		{E6D0FB10-09AF-4C75-90A5-939473885C19}.Release|x86.ActiveCfg = Release|Any CPU
		{E6D0FB10-09AF-4C75-90A5-939473885C19}.Release|x86.Build.0 = Release|Any CPU
		{7B76DEE2-C061-4832-8023-8EFB67E73FF5}.Debug|Any CPU.ActiveCfg = Debug|Any CPU
		{7B76DEE2-C061-4832-8023-8EFB67E73FF5}.Debug|Any CPU.Build.0 = Debug|Any CPU
		{7B76DEE2-C061-4832-8023-8EFB67E73FF5}.Debug|x64.ActiveCfg = Debug|Any CPU
		{7B76DEE2-C061-4832-8023-8EFB67E73FF5}.Debug|x64.Build.0 = Debug|Any CPU
		{7B76DEE2-C061-4832-8023-8EFB67E73FF5}.Debug|x86.ActiveCfg = Debug|Any CPU
		{7B76DEE2-C061-4832-8023-8EFB67E73FF5}.Debug|x86.Build.0 = Debug|Any CPU
		{7B76DEE2-C061-4832-8023-8EFB67E73FF5}.Release|Any CPU.ActiveCfg = Release|Any CPU
		{7B76DEE2-C061-4832-8023-8EFB67E73FF5}.Release|Any CPU.Build.0 = Release|Any CPU
		{7B76DEE2-C061-4832-8023-8EFB67E73FF5}.Release|x64.ActiveCfg = Release|Any CPU
		{7B76DEE2-C061-4832-8023-8EFB67E73FF5}.Release|x64.Build.0 = Release|Any CPU
		{7B76DEE2-C061-4832-8023-8EFB67E73FF5}.Release|x86.ActiveCfg = Release|Any CPU
		{7B76DEE2-C061-4832-8023-8EFB67E73FF5}.Release|x86.Build.0 = Release|Any CPU
		{0CF1FA4D-FC65-4F5D-B0BA-EF41D73AF0BF}.Debug|Any CPU.ActiveCfg = Debug|Any CPU
		{0CF1FA4D-FC65-4F5D-B0BA-EF41D73AF0BF}.Debug|Any CPU.Build.0 = Debug|Any CPU
		{0CF1FA4D-FC65-4F5D-B0BA-EF41D73AF0BF}.Debug|x64.ActiveCfg = Debug|Any CPU
		{0CF1FA4D-FC65-4F5D-B0BA-EF41D73AF0BF}.Debug|x64.Build.0 = Debug|Any CPU
		{0CF1FA4D-FC65-4F5D-B0BA-EF41D73AF0BF}.Debug|x86.ActiveCfg = Debug|Any CPU
		{0CF1FA4D-FC65-4F5D-B0BA-EF41D73AF0BF}.Debug|x86.Build.0 = Debug|Any CPU
		{0CF1FA4D-FC65-4F5D-B0BA-EF41D73AF0BF}.Release|Any CPU.ActiveCfg = Release|Any CPU
		{0CF1FA4D-FC65-4F5D-B0BA-EF41D73AF0BF}.Release|Any CPU.Build.0 = Release|Any CPU
		{0CF1FA4D-FC65-4F5D-B0BA-EF41D73AF0BF}.Release|x64.ActiveCfg = Release|Any CPU
		{0CF1FA4D-FC65-4F5D-B0BA-EF41D73AF0BF}.Release|x64.Build.0 = Release|Any CPU
		{0CF1FA4D-FC65-4F5D-B0BA-EF41D73AF0BF}.Release|x86.ActiveCfg = Release|Any CPU
		{0CF1FA4D-FC65-4F5D-B0BA-EF41D73AF0BF}.Release|x86.Build.0 = Release|Any CPU
		{ABDA6FC8-2861-49A0-9685-E76C156138F3}.Debug|Any CPU.ActiveCfg = Debug|Any CPU
		{ABDA6FC8-2861-49A0-9685-E76C156138F3}.Debug|Any CPU.Build.0 = Debug|Any CPU
		{ABDA6FC8-2861-49A0-9685-E76C156138F3}.Debug|x64.ActiveCfg = Debug|Any CPU
		{ABDA6FC8-2861-49A0-9685-E76C156138F3}.Debug|x64.Build.0 = Debug|Any CPU
		{ABDA6FC8-2861-49A0-9685-E76C156138F3}.Debug|x86.ActiveCfg = Debug|Any CPU
		{ABDA6FC8-2861-49A0-9685-E76C156138F3}.Debug|x86.Build.0 = Debug|Any CPU
		{ABDA6FC8-2861-49A0-9685-E76C156138F3}.Release|Any CPU.ActiveCfg = Release|Any CPU
		{ABDA6FC8-2861-49A0-9685-E76C156138F3}.Release|Any CPU.Build.0 = Release|Any CPU
		{ABDA6FC8-2861-49A0-9685-E76C156138F3}.Release|x64.ActiveCfg = Release|Any CPU
		{ABDA6FC8-2861-49A0-9685-E76C156138F3}.Release|x64.Build.0 = Release|Any CPU
		{ABDA6FC8-2861-49A0-9685-E76C156138F3}.Release|x86.ActiveCfg = Release|Any CPU
		{ABDA6FC8-2861-49A0-9685-E76C156138F3}.Release|x86.Build.0 = Release|Any CPU
	EndGlobalSection
	GlobalSection(SolutionProperties) = preSolution
		HideSolutionNode = FALSE
	EndGlobalSection
	GlobalSection(NestedProjects) = preSolution
		{843A76C0-867E-4D43-A4A3-757EF57B7A2B} = {827E0CD3-B72D-47B6-A68D-7590B98EB39B}
		{50838DFB-C707-4786-91F4-C651223208BF} = {827E0CD3-B72D-47B6-A68D-7590B98EB39B}
		{B56760E2-FCCE-47CA-B097-56B329550437} = {827E0CD3-B72D-47B6-A68D-7590B98EB39B}
		{26977CC9-2F87-4A3B-81FD-85F563C51904} = {827E0CD3-B72D-47B6-A68D-7590B98EB39B}
		{AFBC17C3-B69F-4B00-BC60-C178D195C318} = {827E0CD3-B72D-47B6-A68D-7590B98EB39B}
		{E1233C25-7BE3-429E-8AC2-9C52A208EEAA} = {827E0CD3-B72D-47B6-A68D-7590B98EB39B}
		{E6D0FB10-09AF-4C75-90A5-939473885C19} = {827E0CD3-B72D-47B6-A68D-7590B98EB39B}
		{7B76DEE2-C061-4832-8023-8EFB67E73FF5} = {0AB3BF05-4346-4AA6-1389-037BE0695223}
		{0CF1FA4D-FC65-4F5D-B0BA-EF41D73AF0BF} = {0AB3BF05-4346-4AA6-1389-037BE0695223}
		{ABDA6FC8-2861-49A0-9685-E76C156138F3} = {827E0CD3-B72D-47B6-A68D-7590B98EB39B}
	EndGlobalSection
EndGlobal
